
Microsoft Visual Studio Solution File, Format Version 12.00
# Visual Studio Version 17
VisualStudioVersion = 17.5.33414.496
MinimumVisualStudioVersion = 10.0.40219.1
Project("{FAE04EC0-301F-11D3-BF4B-00C04F79EFBC}") = "WebApiComputadora", "WebApiComputadora\WebApiComputadora.csproj", "{C415C89B-AB05-4F0B-B02F-E753C7D28DA2}"
EndProject
Global
	GlobalSection(SolutionConfigurationPlatforms) = preSolution
		Debug|Any CPU = Debug|Any CPU
		Release|Any CPU = Release|Any CPU
	EndGlobalSection
	GlobalSection(ProjectConfigurationPlatforms) = postSolution
		{C415C89B-AB05-4F0B-B02F-E753C7D28DA2}.Debug|Any CPU.ActiveCfg = Debug|Any CPU
		{C415C89B-AB05-4F0B-B02F-E753C7D28DA2}.Debug|Any CPU.Build.0 = Debug|Any CPU
		{C415C89B-AB05-4F0B-B02F-E753C7D28DA2}.Release|Any CPU.ActiveCfg = Release|Any CPU
		{C415C89B-AB05-4F0B-B02F-E753C7D28DA2}.Release|Any CPU.Build.0 = Release|Any CPU
	EndGlobalSection
	GlobalSection(SolutionProperties) = preSolution
		HideSolutionNode = FALSE
	EndGlobalSection
	GlobalSection(ExtensibilityGlobals) = postSolution
		SolutionGuid = {0C8D785B-E9D0-4976-9AB8-BC37AED2C74A}
	EndGlobalSection
EndGlobal
